// !$*UTF8*$!
{
	archiveVersion = 1;
	classes = {
	};
	objectVersion = 55;
	objects = {

/* Begin PBXBuildFile section */
		13189BBA2878B0300042DFC7 /* AppDelegate.swift in Sources */ = {isa = PBXBuildFile; fileRef = 13189BB92878B0300042DFC7 /* AppDelegate.swift */; };
		13189BBC2878B0300042DFC7 /* SceneDelegate.swift in Sources */ = {isa = PBXBuildFile; fileRef = 13189BBB2878B0300042DFC7 /* SceneDelegate.swift */; };
		13189BBE2878B0300042DFC7 /* HomeViewController.swift in Sources */ = {isa = PBXBuildFile; fileRef = 13189BBD2878B0300042DFC7 /* HomeViewController.swift */; };
		13189BC32878B0310042DFC7 /* Assets.xcassets in Resources */ = {isa = PBXBuildFile; fileRef = 13189BC22878B0310042DFC7 /* Assets.xcassets */; };
		13189BC62878B0310042DFC7 /* LaunchScreen.storyboard in Resources */ = {isa = PBXBuildFile; fileRef = 13189BC42878B0310042DFC7 /* LaunchScreen.storyboard */; };
		13189BD42878B2400042DFC7 /* TabBarViewController.swift in Sources */ = {isa = PBXBuildFile; fileRef = 13189BD32878B2400042DFC7 /* TabBarViewController.swift */; };
		13189BD62878B26D0042DFC7 /* SearchViewController.swift in Sources */ = {isa = PBXBuildFile; fileRef = 13189BD52878B26D0042DFC7 /* SearchViewController.swift */; };
		13189BD82878B2810042DFC7 /* LibraryViewController.swift in Sources */ = {isa = PBXBuildFile; fileRef = 13189BD72878B2810042DFC7 /* LibraryViewController.swift */; };
		13189BDC2878B2A40042DFC7 /* AuthViewController.swift in Sources */ = {isa = PBXBuildFile; fileRef = 13189BDB2878B2A40042DFC7 /* AuthViewController.swift */; };
		13189BDE2878B2B50042DFC7 /* WelcomeViewController.swift in Sources */ = {isa = PBXBuildFile; fileRef = 13189BDD2878B2B50042DFC7 /* WelcomeViewController.swift */; };
		13189BE02878B2C10042DFC7 /* SettingsViewController.swift in Sources */ = {isa = PBXBuildFile; fileRef = 13189BDF2878B2C10042DFC7 /* SettingsViewController.swift */; };
		13189BE22878B2CC0042DFC7 /* ProfileViewController.swift in Sources */ = {isa = PBXBuildFile; fileRef = 13189BE12878B2CC0042DFC7 /* ProfileViewController.swift */; };
		13189BE42878B2D70042DFC7 /* PlayerViewController.swift in Sources */ = {isa = PBXBuildFile; fileRef = 13189BE32878B2D70042DFC7 /* PlayerViewController.swift */; };
		13189BE62878B2E50042DFC7 /* PlaylistViewController.swift in Sources */ = {isa = PBXBuildFile; fileRef = 13189BE52878B2E50042DFC7 /* PlaylistViewController.swift */; };
		13189BE82878B2F30042DFC7 /* SearchResultsViewController.swift in Sources */ = {isa = PBXBuildFile; fileRef = 13189BE72878B2F30042DFC7 /* SearchResultsViewController.swift */; };
		13189BEA2878B3050042DFC7 /* AuthManager.swift in Sources */ = {isa = PBXBuildFile; fileRef = 13189BE92878B3050042DFC7 /* AuthManager.swift */; };
		13189BEC2878B3190042DFC7 /* APICaller.swift in Sources */ = {isa = PBXBuildFile; fileRef = 13189BEB2878B3190042DFC7 /* APICaller.swift */; };
		13189BEE2878B3270042DFC7 /* HapticsManager.swift in Sources */ = {isa = PBXBuildFile; fileRef = 13189BED2878B3270042DFC7 /* HapticsManager.swift */; };
		13189BF02878B3350042DFC7 /* Playlist.swift in Sources */ = {isa = PBXBuildFile; fileRef = 13189BEF2878B3350042DFC7 /* Playlist.swift */; };
		13189BF22878B33F0042DFC7 /* AudioTrack.swift in Sources */ = {isa = PBXBuildFile; fileRef = 13189BF12878B33F0042DFC7 /* AudioTrack.swift */; };
		13189BF42878B3470042DFC7 /* Artist.swift in Sources */ = {isa = PBXBuildFile; fileRef = 13189BF32878B3470042DFC7 /* Artist.swift */; };
		13189BF62878B3500042DFC7 /* Profile.swift in Sources */ = {isa = PBXBuildFile; fileRef = 13189BF52878B3500042DFC7 /* Profile.swift */; };
		136511E0287C6FA0004CA8C1 /* Extensions.swift in Sources */ = {isa = PBXBuildFile; fileRef = 136511DF287C6FA0004CA8C1 /* Extensions.swift */; };
/* End PBXBuildFile section */

/* Begin PBXFileReference section */
		13189BB62878B0300042DFC7 /* Spotify.app */ = {isa = PBXFileReference; explicitFileType = wrapper.application; includeInIndex = 0; path = Spotify.app; sourceTree = BUILT_PRODUCTS_DIR; };
		13189BB92878B0300042DFC7 /* AppDelegate.swift */ = {isa = PBXFileReference; lastKnownFileType = sourcecode.swift; path = AppDelegate.swift; sourceTree = "<group>"; };
		13189BBB2878B0300042DFC7 /* SceneDelegate.swift */ = {isa = PBXFileReference; lastKnownFileType = sourcecode.swift; path = SceneDelegate.swift; sourceTree = "<group>"; };
		13189BBD2878B0300042DFC7 /* HomeViewController.swift */ = {isa = PBXFileReference; lastKnownFileType = sourcecode.swift; path = HomeViewController.swift; sourceTree = "<group>"; };
		13189BC22878B0310042DFC7 /* Assets.xcassets */ = {isa = PBXFileReference; lastKnownFileType = folder.assetcatalog; path = Assets.xcassets; sourceTree = "<group>"; };
		13189BC52878B0310042DFC7 /* Base */ = {isa = PBXFileReference; lastKnownFileType = file.storyboard; name = Base; path = Base.lproj/LaunchScreen.storyboard; sourceTree = "<group>"; };
		13189BC72878B0310042DFC7 /* Info.plist */ = {isa = PBXFileReference; lastKnownFileType = text.plist.xml; path = Info.plist; sourceTree = "<group>"; };
		13189BD32878B2400042DFC7 /* TabBarViewController.swift */ = {isa = PBXFileReference; lastKnownFileType = sourcecode.swift; path = TabBarViewController.swift; sourceTree = "<group>"; };
		13189BD52878B26D0042DFC7 /* SearchViewController.swift */ = {isa = PBXFileReference; lastKnownFileType = sourcecode.swift; path = SearchViewController.swift; sourceTree = "<group>"; };
		13189BD72878B2810042DFC7 /* LibraryViewController.swift */ = {isa = PBXFileReference; lastKnownFileType = sourcecode.swift; path = LibraryViewController.swift; sourceTree = "<group>"; };
		13189BDB2878B2A40042DFC7 /* AuthViewController.swift */ = {isa = PBXFileReference; lastKnownFileType = sourcecode.swift; path = AuthViewController.swift; sourceTree = "<group>"; };
		13189BDD2878B2B50042DFC7 /* WelcomeViewController.swift */ = {isa = PBXFileReference; lastKnownFileType = sourcecode.swift; path = WelcomeViewController.swift; sourceTree = "<group>"; };
		13189BDF2878B2C10042DFC7 /* SettingsViewController.swift */ = {isa = PBXFileReference; lastKnownFileType = sourcecode.swift; path = SettingsViewController.swift; sourceTree = "<group>"; };
		13189BE12878B2CC0042DFC7 /* ProfileViewController.swift */ = {isa = PBXFileReference; lastKnownFileType = sourcecode.swift; path = ProfileViewController.swift; sourceTree = "<group>"; };
		13189BE32878B2D70042DFC7 /* PlayerViewController.swift */ = {isa = PBXFileReference; lastKnownFileType = sourcecode.swift; path = PlayerViewController.swift; sourceTree = "<group>"; };
		13189BE52878B2E50042DFC7 /* PlaylistViewController.swift */ = {isa = PBXFileReference; lastKnownFileType = sourcecode.swift; path = PlaylistViewController.swift; sourceTree = "<group>"; };
		13189BE72878B2F30042DFC7 /* SearchResultsViewController.swift */ = {isa = PBXFileReference; lastKnownFileType = sourcecode.swift; path = SearchResultsViewController.swift; sourceTree = "<group>"; };
		13189BE92878B3050042DFC7 /* AuthManager.swift */ = {isa = PBXFileReference; lastKnownFileType = sourcecode.swift; path = AuthManager.swift; sourceTree = "<group>"; };
		13189BEB2878B3190042DFC7 /* APICaller.swift */ = {isa = PBXFileReference; lastKnownFileType = sourcecode.swift; path = APICaller.swift; sourceTree = "<group>"; };
		13189BED2878B3270042DFC7 /* HapticsManager.swift */ = {isa = PBXFileReference; lastKnownFileType = sourcecode.swift; path = HapticsManager.swift; sourceTree = "<group>"; };
		13189BEF2878B3350042DFC7 /* Playlist.swift */ = {isa = PBXFileReference; lastKnownFileType = sourcecode.swift; path = Playlist.swift; sourceTree = "<group>"; };
		13189BF12878B33F0042DFC7 /* AudioTrack.swift */ = {isa = PBXFileReference; lastKnownFileType = sourcecode.swift; path = AudioTrack.swift; sourceTree = "<group>"; };
		13189BF32878B3470042DFC7 /* Artist.swift */ = {isa = PBXFileReference; lastKnownFileType = sourcecode.swift; path = Artist.swift; sourceTree = "<group>"; };
		13189BF52878B3500042DFC7 /* Profile.swift */ = {isa = PBXFileReference; lastKnownFileType = sourcecode.swift; path = Profile.swift; sourceTree = "<group>"; };
		136511DF287C6FA0004CA8C1 /* Extensions.swift */ = {isa = PBXFileReference; lastKnownFileType = sourcecode.swift; path = Extensions.swift; sourceTree = "<group>"; };
/* End PBXFileReference section */

/* Begin PBXFrameworksBuildPhase section */
		13189BB32878B0300042DFC7 /* Frameworks */ = {
			isa = PBXFrameworksBuildPhase;
			buildActionMask = 2147483647;
			files = (
			);
			runOnlyForDeploymentPostprocessing = 0;
		};
/* End PBXFrameworksBuildPhase section */

/* Begin PBXGroup section */
		13189BAD2878B0300042DFC7 = {
			isa = PBXGroup;
			children = (
				13189BB82878B0300042DFC7 /* Spotify */,
				13189BB72878B0300042DFC7 /* Products */,
			);
			sourceTree = "<group>";
		};
		13189BB72878B0300042DFC7 /* Products */ = {
			isa = PBXGroup;
			children = (
				13189BB62878B0300042DFC7 /* Spotify.app */,
			);
			name = Products;
			sourceTree = "<group>";
		};
		13189BB82878B0300042DFC7 /* Spotify */ = {
			isa = PBXGroup;
			children = (
				13189BD22878B0920042DFC7 /* Resources */,
				13189BD12878B0860042DFC7 /* Models */,
				13189BD02878B07C0042DFC7 /* Managers */,
				13189BCF2878B0710042DFC7 /* ViewModels */,
				13189BCE2878B0650042DFC7 /* Views */,
				13189BCD2878B05B0042DFC7 /* Controllers */,
				13189BC72878B0310042DFC7 /* Info.plist */,
			);
			path = Spotify;
			sourceTree = "<group>";
		};
		13189BCD2878B05B0042DFC7 /* Controllers */ = {
			isa = PBXGroup;
			children = (
				13189BDA2878B2960042DFC7 /* Other */,
				13189BD92878B28C0042DFC7 /* Core */,
			);
			path = Controllers;
			sourceTree = "<group>";
		};
		13189BCE2878B0650042DFC7 /* Views */ = {
			isa = PBXGroup;
			children = (
				13189BC42878B0310042DFC7 /* LaunchScreen.storyboard */,
			);
			path = Views;
			sourceTree = "<group>";
		};
		13189BCF2878B0710042DFC7 /* ViewModels */ = {
			isa = PBXGroup;
			children = (
			);
			path = ViewModels;
			sourceTree = "<group>";
		};
		13189BD02878B07C0042DFC7 /* Managers */ = {
			isa = PBXGroup;
			children = (
				13189BE92878B3050042DFC7 /* AuthManager.swift */,
				13189BEB2878B3190042DFC7 /* APICaller.swift */,
				13189BED2878B3270042DFC7 /* HapticsManager.swift */,
			);
			path = Managers;
			sourceTree = "<group>";
		};
		13189BD12878B0860042DFC7 /* Models */ = {
			isa = PBXGroup;
			children = (
				13189BEF2878B3350042DFC7 /* Playlist.swift */,
				13189BF12878B33F0042DFC7 /* AudioTrack.swift */,
				13189BF32878B3470042DFC7 /* Artist.swift */,
				13189BF52878B3500042DFC7 /* Profile.swift */,
			);
			name = Models;
			sourceTree = "<group>";
		};
		13189BD22878B0920042DFC7 /* Resources */ = {
			isa = PBXGroup;
			children = (
				13189BB92878B0300042DFC7 /* AppDelegate.swift */,
				13189BBB2878B0300042DFC7 /* SceneDelegate.swift */,
				13189BC22878B0310042DFC7 /* Assets.xcassets */,
				136511DF287C6FA0004CA8C1 /* Extensions.swift */,
			);
			path = Resources;
			sourceTree = "<group>";
		};
		13189BD92878B28C0042DFC7 /* Core */ = {
			isa = PBXGroup;
			children = (
				13189BD32878B2400042DFC7 /* TabBarViewController.swift */,
				13189BBD2878B0300042DFC7 /* HomeViewController.swift */,
				13189BD52878B26D0042DFC7 /* SearchViewController.swift */,
				13189BD72878B2810042DFC7 /* LibraryViewController.swift */,
			);
			path = Core;
			sourceTree = "<group>";
		};
		13189BDA2878B2960042DFC7 /* Other */ = {
			isa = PBXGroup;
			children = (
				13189BDB2878B2A40042DFC7 /* AuthViewController.swift */,
				13189BDD2878B2B50042DFC7 /* WelcomeViewController.swift */,
				13189BDF2878B2C10042DFC7 /* SettingsViewController.swift */,
				13189BE12878B2CC0042DFC7 /* ProfileViewController.swift */,
				13189BE32878B2D70042DFC7 /* PlayerViewController.swift */,
				13189BE52878B2E50042DFC7 /* PlaylistViewController.swift */,
				13189BE72878B2F30042DFC7 /* SearchResultsViewController.swift */,
			);
			path = Other;
			sourceTree = "<group>";
		};
/* End PBXGroup section */

/* Begin PBXNativeTarget section */
		13189BB52878B0300042DFC7 /* Spotify */ = {
			isa = PBXNativeTarget;
			buildConfigurationList = 13189BCA2878B0310042DFC7 /* Build configuration list for PBXNativeTarget "Spotify" */;
			buildPhases = (
				13189BB22878B0300042DFC7 /* Sources */,
				13189BB32878B0300042DFC7 /* Frameworks */,
				13189BB42878B0300042DFC7 /* Resources */,
			);
			buildRules = (
			);
			dependencies = (
			);
			name = Spotify;
			productName = Spotify;
			productReference = 13189BB62878B0300042DFC7 /* Spotify.app */;
			productType = "com.apple.product-type.application";
		};
/* End PBXNativeTarget section */

/* Begin PBXProject section */
		13189BAE2878B0300042DFC7 /* Project object */ = {
			isa = PBXProject;
			attributes = {
				BuildIndependentTargetsInParallel = 1;
				LastSwiftUpdateCheck = 1340;
				LastUpgradeCheck = 1340;
				TargetAttributes = {
					13189BB52878B0300042DFC7 = {
						CreatedOnToolsVersion = 13.4.1;
					};
				};
			};
			buildConfigurationList = 13189BB12878B0300042DFC7 /* Build configuration list for PBXProject "Spotify" */;
			compatibilityVersion = "Xcode 13.0";
			developmentRegion = en;
			hasScannedForEncodings = 0;
			knownRegions = (
				en,
				Base,
			);
			mainGroup = 13189BAD2878B0300042DFC7;
			productRefGroup = 13189BB72878B0300042DFC7 /* Products */;
			projectDirPath = "";
			projectRoot = "";
			targets = (
				13189BB52878B0300042DFC7 /* Spotify */,
			);
		};
/* End PBXProject section */

/* Begin PBXResourcesBuildPhase section */
		13189BB42878B0300042DFC7 /* Resources */ = {
			isa = PBXResourcesBuildPhase;
			buildActionMask = 2147483647;
			files = (
				13189BC62878B0310042DFC7 /* LaunchScreen.storyboard in Resources */,
				13189BC32878B0310042DFC7 /* Assets.xcassets in Resources */,
			);
			runOnlyForDeploymentPostprocessing = 0;
		};
/* End PBXResourcesBuildPhase section */

/* Begin PBXSourcesBuildPhase section */
		13189BB22878B0300042DFC7 /* Sources */ = {
			isa = PBXSourcesBuildPhase;
			buildActionMask = 2147483647;
			files = (
				13189BD62878B26D0042DFC7 /* SearchViewController.swift in Sources */,
				13189BF62878B3500042DFC7 /* Profile.swift in Sources */,
				13189BF02878B3350042DFC7 /* Playlist.swift in Sources */,
				13189BEA2878B3050042DFC7 /* AuthManager.swift in Sources */,
				13189BE82878B2F30042DFC7 /* SearchResultsViewController.swift in Sources */,
				13189BDE2878B2B50042DFC7 /* WelcomeViewController.swift in Sources */,
				13189BE22878B2CC0042DFC7 /* ProfileViewController.swift in Sources */,
				13189BD42878B2400042DFC7 /* TabBarViewController.swift in Sources */,
				13189BEE2878B3270042DFC7 /* HapticsManager.swift in Sources */,
				13189BF22878B33F0042DFC7 /* AudioTrack.swift in Sources */,
				13189BBE2878B0300042DFC7 /* HomeViewController.swift in Sources */,
				13189BDC2878B2A40042DFC7 /* AuthViewController.swift in Sources */,
				13189BBA2878B0300042DFC7 /* AppDelegate.swift in Sources */,
				136511E0287C6FA0004CA8C1 /* Extensions.swift in Sources */,
				13189BD82878B2810042DFC7 /* LibraryViewController.swift in Sources */,
				13189BF42878B3470042DFC7 /* Artist.swift in Sources */,
				13189BE62878B2E50042DFC7 /* PlaylistViewController.swift in Sources */,
				13189BBC2878B0300042DFC7 /* SceneDelegate.swift in Sources */,
				13189BE42878B2D70042DFC7 /* PlayerViewController.swift in Sources */,
				13189BEC2878B3190042DFC7 /* APICaller.swift in Sources */,
				13189BE02878B2C10042DFC7 /* SettingsViewController.swift in Sources */,
			);
			runOnlyForDeploymentPostprocessing = 0;
		};
/* End PBXSourcesBuildPhase section */

/* Begin PBXVariantGroup section */
		13189BC42878B0310042DFC7 /* LaunchScreen.storyboard */ = {
			isa = PBXVariantGroup;
			children = (
				13189BC52878B0310042DFC7 /* Base */,
			);
			name = LaunchScreen.storyboard;
			sourceTree = "<group>";
		};
/* End PBXVariantGroup section */

/* Begin XCBuildConfiguration section */
		13189BC82878B0310042DFC7 /* Debug */ = {
			isa = XCBuildConfiguration;
			buildSettings = {
				ALWAYS_SEARCH_USER_PATHS = NO;
				CLANG_ANALYZER_NONNULL = YES;
				CLANG_ANALYZER_NUMBER_OBJECT_CONVERSION = YES_AGGRESSIVE;
				CLANG_CXX_LANGUAGE_STANDARD = "gnu++17";
				CLANG_ENABLE_MODULES = YES;
				CLANG_ENABLE_OBJC_ARC = YES;
				CLANG_ENABLE_OBJC_WEAK = YES;
				CLANG_WARN_BLOCK_CAPTURE_AUTORELEASING = YES;
				CLANG_WARN_BOOL_CONVERSION = YES;
				CLANG_WARN_COMMA = YES;
				CLANG_WARN_CONSTANT_CONVERSION = YES;
				CLANG_WARN_DEPRECATED_OBJC_IMPLEMENTATIONS = YES;
				CLANG_WARN_DIRECT_OBJC_ISA_USAGE = YES_ERROR;
				CLANG_WARN_DOCUMENTATION_COMMENTS = YES;
				CLANG_WARN_EMPTY_BODY = YES;
				CLANG_WARN_ENUM_CONVERSION = YES;
				CLANG_WARN_INFINITE_RECURSION = YES;
				CLANG_WARN_INT_CONVERSION = YES;
				CLANG_WARN_NON_LITERAL_NULL_CONVERSION = YES;
				CLANG_WARN_OBJC_IMPLICIT_RETAIN_SELF = YES;
				CLANG_WARN_OBJC_LITERAL_CONVERSION = YES;
				CLANG_WARN_OBJC_ROOT_CLASS = YES_ERROR;
				CLANG_WARN_QUOTED_INCLUDE_IN_FRAMEWORK_HEADER = YES;
				CLANG_WARN_RANGE_LOOP_ANALYSIS = YES;
				CLANG_WARN_STRICT_PROTOTYPES = YES;
				CLANG_WARN_SUSPICIOUS_MOVE = YES;
				CLANG_WARN_UNGUARDED_AVAILABILITY = YES_AGGRESSIVE;
				CLANG_WARN_UNREACHABLE_CODE = YES;
				CLANG_WARN__DUPLICATE_METHOD_MATCH = YES;
				COPY_PHASE_STRIP = NO;
				DEBUG_INFORMATION_FORMAT = dwarf;
				ENABLE_STRICT_OBJC_MSGSEND = YES;
				ENABLE_TESTABILITY = YES;
				GCC_C_LANGUAGE_STANDARD = gnu11;
				GCC_DYNAMIC_NO_PIC = NO;
				GCC_NO_COMMON_BLOCKS = YES;
				GCC_OPTIMIZATION_LEVEL = 0;
				GCC_PREPROCESSOR_DEFINITIONS = (
					"DEBUG=1",
					"$(inherited)",
				);
				GCC_WARN_64_TO_32_BIT_CONVERSION = YES;
				GCC_WARN_ABOUT_RETURN_TYPE = YES_ERROR;
				GCC_WARN_UNDECLARED_SELECTOR = YES;
				GCC_WARN_UNINITIALIZED_AUTOS = YES_AGGRESSIVE;
				GCC_WARN_UNUSED_FUNCTION = YES;
				GCC_WARN_UNUSED_VARIABLE = YES;
				IPHONEOS_DEPLOYMENT_TARGET = 15.5;
				MTL_ENABLE_DEBUG_INFO = INCLUDE_SOURCE;
				MTL_FAST_MATH = YES;
				ONLY_ACTIVE_ARCH = YES;
				SDKROOT = iphoneos;
				SWIFT_ACTIVE_COMPILATION_CONDITIONS = DEBUG;
				SWIFT_OPTIMIZATION_LEVEL = "-Onone";
			};
			name = Debug;
		};
		13189BC92878B0310042DFC7 /* Release */ = {
			isa = XCBuildConfiguration;
			buildSettings = {
				ALWAYS_SEARCH_USER_PATHS = NO;
				CLANG_ANALYZER_NONNULL = YES;
				CLANG_ANALYZER_NUMBER_OBJECT_CONVERSION = YES_AGGRESSIVE;
				CLANG_CXX_LANGUAGE_STANDARD = "gnu++17";
				CLANG_ENABLE_MODULES = YES;
				CLANG_ENABLE_OBJC_ARC = YES;
				CLANG_ENABLE_OBJC_WEAK = YES;
				CLANG_WARN_BLOCK_CAPTURE_AUTORELEASING = YES;
				CLANG_WARN_BOOL_CONVERSION = YES;
				CLANG_WARN_COMMA = YES;
				CLANG_WARN_CONSTANT_CONVERSION = YES;
				CLANG_WARN_DEPRECATED_OBJC_IMPLEMENTATIONS = YES;
				CLANG_WARN_DIRECT_OBJC_ISA_USAGE = YES_ERROR;
				CLANG_WARN_DOCUMENTATION_COMMENTS = YES;
				CLANG_WARN_EMPTY_BODY = YES;
				CLANG_WARN_ENUM_CONVERSION = YES;
				CLANG_WARN_INFINITE_RECURSION = YES;
				CLANG_WARN_INT_CONVERSION = YES;
				CLANG_WARN_NON_LITERAL_NULL_CONVERSION = YES;
				CLANG_WARN_OBJC_IMPLICIT_RETAIN_SELF = YES;
				CLANG_WARN_OBJC_LITERAL_CONVERSION = YES;
				CLANG_WARN_OBJC_ROOT_CLASS = YES_ERROR;
				CLANG_WARN_QUOTED_INCLUDE_IN_FRAMEWORK_HEADER = YES;
				CLANG_WARN_RANGE_LOOP_ANALYSIS = YES;
				CLANG_WARN_STRICT_PROTOTYPES = YES;
				CLANG_WARN_SUSPICIOUS_MOVE = YES;
				CLANG_WARN_UNGUARDED_AVAILABILITY = YES_AGGRESSIVE;
				CLANG_WARN_UNREACHABLE_CODE = YES;
				CLANG_WARN__DUPLICATE_METHOD_MATCH = YES;
				COPY_PHASE_STRIP = NO;
				DEBUG_INFORMATION_FORMAT = "dwarf-with-dsym";
				ENABLE_NS_ASSERTIONS = NO;
				ENABLE_STRICT_OBJC_MSGSEND = YES;
				GCC_C_LANGUAGE_STANDARD = gnu11;
				GCC_NO_COMMON_BLOCKS = YES;
				GCC_WARN_64_TO_32_BIT_CONVERSION = YES;
				GCC_WARN_ABOUT_RETURN_TYPE = YES_ERROR;
				GCC_WARN_UNDECLARED_SELECTOR = YES;
				GCC_WARN_UNINITIALIZED_AUTOS = YES_AGGRESSIVE;
				GCC_WARN_UNUSED_FUNCTION = YES;
				GCC_WARN_UNUSED_VARIABLE = YES;
				IPHONEOS_DEPLOYMENT_TARGET = 15.5;
				MTL_ENABLE_DEBUG_INFO = NO;
				MTL_FAST_MATH = YES;
				SDKROOT = iphoneos;
				SWIFT_COMPILATION_MODE = wholemodule;
				SWIFT_OPTIMIZATION_LEVEL = "-O";
				VALIDATE_PRODUCT = YES;
			};
			name = Release;
		};
		13189BCB2878B0310042DFC7 /* Debug */ = {
			isa = XCBuildConfiguration;
			buildSettings = {
				ASSETCATALOG_COMPILER_APPICON_NAME = AppIcon;
				ASSETCATALOG_COMPILER_GLOBAL_ACCENT_COLOR_NAME = AccentColor;
				CODE_SIGN_STYLE = Automatic;
				CURRENT_PROJECT_VERSION = 1;
				DEVELOPMENT_TEAM = 9D4R4SJU6T;
				GENERATE_INFOPLIST_FILE = YES;
				INFOPLIST_FILE = Spotify/Info.plist;
				INFOPLIST_KEY_UIApplicationSupportsIndirectInputEvents = YES;
				INFOPLIST_KEY_UILaunchStoryboardName = LaunchScreen;
				INFOPLIST_KEY_UISupportedInterfaceOrientations_iPad = "UIInterfaceOrientationPortrait UIInterfaceOrientationPortraitUpsideDown UIInterfaceOrientationLandscapeLeft UIInterfaceOrientationLandscapeRight";
				INFOPLIST_KEY_UISupportedInterfaceOrientations_iPhone = "UIInterfaceOrientationPortrait UIInterfaceOrientationLandscapeLeft UIInterfaceOrientationLandscapeRight";
				LD_RUNPATH_SEARCH_PATHS = (
					"$(inherited)",
					"@executable_path/Frameworks",
				);
				MARKETING_VERSION = 1.0;
				PRODUCT_BUNDLE_IDENTIFIER = "Pedro-Ivo-Aquino.Spotify";
				PRODUCT_NAME = "$(TARGET_NAME)";
				SWIFT_EMIT_LOC_STRINGS = YES;
				SWIFT_VERSION = 5.0;
				TARGETED_DEVICE_FAMILY = "1,2";
			};
			name = Debug;
		};
		13189BCC2878B0310042DFC7 /* Release */ = {
			isa = XCBuildConfiguration;
			buildSettings = {
				ASSETCATALOG_COMPILER_APPICON_NAME = AppIcon;
				ASSETCATALOG_COMPILER_GLOBAL_ACCENT_COLOR_NAME = AccentColor;
				CODE_SIGN_STYLE = Automatic;
				CURRENT_PROJECT_VERSION = 1;
				DEVELOPMENT_TEAM = 9D4R4SJU6T;
				GENERATE_INFOPLIST_FILE = YES;
				INFOPLIST_FILE = Spotify/Info.plist;
				INFOPLIST_KEY_UIApplicationSupportsIndirectInputEvents = YES;
				INFOPLIST_KEY_UILaunchStoryboardName = LaunchScreen;
				INFOPLIST_KEY_UISupportedInterfaceOrientations_iPad = "UIInterfaceOrientationPortrait UIInterfaceOrientationPortraitUpsideDown UIInterfaceOrientationLandscapeLeft UIInterfaceOrientationLandscapeRight";
				INFOPLIST_KEY_UISupportedInterfaceOrientations_iPhone = "UIInterfaceOrientationPortrait UIInterfaceOrientationLandscapeLeft UIInterfaceOrientationLandscapeRight";
				LD_RUNPATH_SEARCH_PATHS = (
					"$(inherited)",
					"@executable_path/Frameworks",
				);
				MARKETING_VERSION = 1.0;
				PRODUCT_BUNDLE_IDENTIFIER = "Pedro-Ivo-Aquino.Spotify";
				PRODUCT_NAME = "$(TARGET_NAME)";
				SWIFT_EMIT_LOC_STRINGS = YES;
				SWIFT_VERSION = 5.0;
				TARGETED_DEVICE_FAMILY = "1,2";
			};
			name = Release;
		};
/* End XCBuildConfiguration section */

/* Begin XCConfigurationList section */
		13189BB12878B0300042DFC7 /* Build configuration list for PBXProject "Spotify" */ = {
			isa = XCConfigurationList;
			buildConfigurations = (
				13189BC82878B0310042DFC7 /* Debug */,
				13189BC92878B0310042DFC7 /* Release */,
			);
			defaultConfigurationIsVisible = 0;
			defaultConfigurationName = Release;
		};
		13189BCA2878B0310042DFC7 /* Build configuration list for PBXNativeTarget "Spotify" */ = {
			isa = XCConfigurationList;
			buildConfigurations = (
				13189BCB2878B0310042DFC7 /* Debug */,
				13189BCC2878B0310042DFC7 /* Release */,
			);
			defaultConfigurationIsVisible = 0;
			defaultConfigurationName = Release;
		};
/* End XCConfigurationList section */
	};
	rootObject = 13189BAE2878B0300042DFC7 /* Project object */;
}
